
Microsoft Visual Studio Solution File, Format Version 12.00
# Visual Studio 15
VisualStudioVersion = 15.0.28307.1321
MinimumVisualStudioVersion = 10.0.40219.1
Project("{FAE04EC0-301F-11D3-BF4B-00C04F79EFBC}") = "Loans", "Loans.csproj", "{FE6B33F6-58FD-4A86-BDB1-0F3F0FC06813}"
EndProject
Project("{FAE04EC0-301F-11D3-BF4B-00C04F79EFBC}") = "Loans Web", "..\Loans Web\Loans Web.csproj", "{7F110813-C6D9-474F-8FC6-8E0A43CF8DA4}"
EndProject
Global
	GlobalSection(SolutionConfigurationPlatforms) = preSolution
		Debug|Any CPU = Debug|Any CPU
		Release|Any CPU = Release|Any CPU
	EndGlobalSection
	GlobalSection(ProjectConfigurationPlatforms) = postSolution
		{FE6B33F6-58FD-4A86-BDB1-0F3F0FC06813}.Debug|Any CPU.ActiveCfg = Debug|Any CPU
		{FE6B33F6-58FD-4A86-BDB1-0F3F0FC06813}.Debug|Any CPU.Build.0 = Debug|Any CPU
		{FE6B33F6-58FD-4A86-BDB1-0F3F0FC06813}.Release|Any CPU.ActiveCfg = Release|Any CPU
		{FE6B33F6-58FD-4A86-BDB1-0F3F0FC06813}.Release|Any CPU.Build.0 = Release|Any CPU
		{7F110813-C6D9-474F-8FC6-8E0A43CF8DA4}.Debug|Any CPU.ActiveCfg = Debug|Any CPU
		{7F110813-C6D9-474F-8FC6-8E0A43CF8DA4}.Debug|Any CPU.Build.0 = Debug|Any CPU
		{7F110813-C6D9-474F-8FC6-8E0A43CF8DA4}.Release|Any CPU.ActiveCfg = Release|Any CPU
		{7F110813-C6D9-474F-8FC6-8E0A43CF8DA4}.Release|Any CPU.Build.0 = Release|Any CPU
	EndGlobalSection
	GlobalSection(SolutionProperties) = preSolution
		HideSolutionNode = FALSE
	EndGlobalSection
	GlobalSection(ExtensibilityGlobals) = postSolution
		SolutionGuid = {15E84127-B26B-444D-B93B-6EAACCB45D47}
	EndGlobalSection
EndGlobal
